
Microsoft Visual Studio Solution File, Format Version 12.00
# Visual Studio Version 16
VisualStudioVersion = 16.0.29324.140
MinimumVisualStudioVersion = 10.0.40219.1
Project("{FAE04EC0-301F-11D3-BF4B-00C04F79EFBC}") = "QuanLyHocSinh", "QLSinhVien\QuanLyHocSinh.csproj", "{8CD55ECD-49BC-4C23-9392-1D1B1A80BB18}"
EndProject
Global
	GlobalSection(SolutionConfigurationPlatforms) = preSolution
		Debug|Any CPU = Debug|Any CPU
		Release|Any CPU = Release|Any CPU
	EndGlobalSection
	GlobalSection(ProjectConfigurationPlatforms) = postSolution
		{8CD55ECD-49BC-4C23-9392-1D1B1A80BB18}.Debug|Any CPU.ActiveCfg = Debug|Any CPU
		{8CD55ECD-49BC-4C23-9392-1D1B1A80BB18}.Debug|Any CPU.Build.0 = Debug|Any CPU
		{8CD55ECD-49BC-4C23-9392-1D1B1A80BB18}.Release|Any CPU.ActiveCfg = Release|Any CPU
		{8CD55ECD-49BC-4C23-9392-1D1B1A80BB18}.Release|Any CPU.Build.0 = Release|Any CPU
	EndGlobalSection
	GlobalSection(SolutionProperties) = preSolution
		HideSolutionNode = FALSE
	EndGlobalSection
	GlobalSection(ExtensibilityGlobals) = postSolution
		SolutionGuid = {F503386C-9CF0-4756-B817-F0D9B05725F8}
	EndGlobalSection
EndGlobal
